
Microsoft Visual Studio Solution File, Format Version 12.00
# Visual Studio 14
VisualStudioVersion = 14.0.25420.1
MinimumVisualStudioVersion = 10.0.40219.1
Project("{FAE04EC0-301F-11D3-BF4B-00C04F79EFBC}") = "Notify.PC", "Notify\Notify.PC.csproj", "{29293F97-FFDF-4AB5-B63C-42E9E0A207E0}"
EndProject
Project("{FAE04EC0-301F-11D3-BF4B-00C04F79EFBC}") = "Notify.OnlineNoteWatcher", "Notify.OnlineNoteWatcher\Notify.OnlineNoteWatcher.csproj", "{BD229F51-08F2-4DF5-822B-8FF359B64E5E}"
EndProject
Global
	GlobalSection(SolutionConfigurationPlatforms) = preSolution
		Debug|Any CPU = Debug|Any CPU
		Release|Any CPU = Release|Any CPU
	EndGlobalSection
	GlobalSection(ProjectConfigurationPlatforms) = postSolution
		{29293F97-FFDF-4AB5-B63C-42E9E0A207E0}.Debug|Any CPU.ActiveCfg = Debug|Any CPU
		{29293F97-FFDF-4AB5-B63C-42E9E0A207E0}.Debug|Any CPU.Build.0 = Debug|Any CPU
		{29293F97-FFDF-4AB5-B63C-42E9E0A207E0}.Release|Any CPU.ActiveCfg = Release|Any CPU
		{29293F97-FFDF-4AB5-B63C-42E9E0A207E0}.Release|Any CPU.Build.0 = Release|Any CPU
		{BD229F51-08F2-4DF5-822B-8FF359B64E5E}.Debug|Any CPU.ActiveCfg = Debug|Any CPU
		{BD229F51-08F2-4DF5-822B-8FF359B64E5E}.Debug|Any CPU.Build.0 = Debug|Any CPU
		{BD229F51-08F2-4DF5-822B-8FF359B64E5E}.Release|Any CPU.ActiveCfg = Release|Any CPU
		{BD229F51-08F2-4DF5-822B-8FF359B64E5E}.Release|Any CPU.Build.0 = Release|Any CPU
	EndGlobalSection
	GlobalSection(SolutionProperties) = preSolution
		HideSolutionNode = FALSE
	EndGlobalSection
EndGlobal
